
Microsoft Visual Studio Solution File, Format Version 12.00
# Visual Studio 15
VisualStudioVersion = 15.0.28010.2003
MinimumVisualStudioVersion = 10.0.40219.1
Project("{FAE04EC0-301F-11D3-BF4B-00C04F79EFBC}") = "StreamWriter2", "StreamWriter2\StreamWriter2.csproj", "{6A56D289-90FE-4AA4-B003-068A0488522A}"
EndProject
Global
	GlobalSection(SolutionConfigurationPlatforms) = preSolution
		Debug|Any CPU = Debug|Any CPU
		Release|Any CPU = Release|Any CPU
	EndGlobalSection
	GlobalSection(ProjectConfigurationPlatforms) = postSolution
		{6A56D289-90FE-4AA4-B003-068A0488522A}.Debug|Any CPU.ActiveCfg = Debug|Any CPU
		{6A56D289-90FE-4AA4-B003-068A0488522A}.Debug|Any CPU.Build.0 = Debug|Any CPU
		{6A56D289-90FE-4AA4-B003-068A0488522A}.Release|Any CPU.ActiveCfg = Release|Any CPU
		{6A56D289-90FE-4AA4-B003-068A0488522A}.Release|Any CPU.Build.0 = Release|Any CPU
	EndGlobalSection
	GlobalSection(SolutionProperties) = preSolution
		HideSolutionNode = FALSE
	EndGlobalSection
	GlobalSection(ExtensibilityGlobals) = postSolution
		SolutionGuid = {74C5EDA7-C6FE-4017-949C-0CFC71D8B666}
	EndGlobalSection
EndGlobal
