
Microsoft Visual Studio Solution File, Format Version 12.00
# Visual Studio 15
VisualStudioVersion = 15.0.28010.2003
MinimumVisualStudioVersion = 10.0.40219.1
Project("{FAE04EC0-301F-11D3-BF4B-00C04F79EFBC}") = "HappyAlphabetaUNO", "HappyAlphabetaUNO\HappyAlphabetaUNO.csproj", "{5EE266C3-3B04-452E-AFA8-DAEDC989EC5B}"
EndProject
Global
	GlobalSection(SolutionConfigurationPlatforms) = preSolution
		Debug|Any CPU = Debug|Any CPU
		Release|Any CPU = Release|Any CPU
	EndGlobalSection
	GlobalSection(ProjectConfigurationPlatforms) = postSolution
		{5EE266C3-3B04-452E-AFA8-DAEDC989EC5B}.Debug|Any CPU.ActiveCfg = Debug|Any CPU
		{5EE266C3-3B04-452E-AFA8-DAEDC989EC5B}.Debug|Any CPU.Build.0 = Debug|Any CPU
		{5EE266C3-3B04-452E-AFA8-DAEDC989EC5B}.Release|Any CPU.ActiveCfg = Release|Any CPU
		{5EE266C3-3B04-452E-AFA8-DAEDC989EC5B}.Release|Any CPU.Build.0 = Release|Any CPU
	EndGlobalSection
	GlobalSection(SolutionProperties) = preSolution
		HideSolutionNode = FALSE
	EndGlobalSection
	GlobalSection(ExtensibilityGlobals) = postSolution
		SolutionGuid = {E7869352-677C-45A2-B4FC-236130C64247}
	EndGlobalSection
EndGlobal
