
Microsoft Visual Studio Solution File, Format Version 12.00
# Visual Studio 15
VisualStudioVersion = 15.0.28010.2003
MinimumVisualStudioVersion = 10.0.40219.1
Project("{FAE04EC0-301F-11D3-BF4B-00C04F79EFBC}") = "UnoGame", "UnoGame\UnoGame.csproj", "{B0AB7310-69D5-4428-8CF9-5BBD8E902627}"
EndProject
Global
	GlobalSection(SolutionConfigurationPlatforms) = preSolution
		Debug|Any CPU = Debug|Any CPU
		Release|Any CPU = Release|Any CPU
	EndGlobalSection
	GlobalSection(ProjectConfigurationPlatforms) = postSolution
		{B0AB7310-69D5-4428-8CF9-5BBD8E902627}.Debug|Any CPU.ActiveCfg = Debug|Any CPU
		{B0AB7310-69D5-4428-8CF9-5BBD8E902627}.Debug|Any CPU.Build.0 = Debug|Any CPU
		{B0AB7310-69D5-4428-8CF9-5BBD8E902627}.Release|Any CPU.ActiveCfg = Release|Any CPU
		{B0AB7310-69D5-4428-8CF9-5BBD8E902627}.Release|Any CPU.Build.0 = Release|Any CPU
	EndGlobalSection
	GlobalSection(SolutionProperties) = preSolution
		HideSolutionNode = FALSE
	EndGlobalSection
	GlobalSection(ExtensibilityGlobals) = postSolution
		SolutionGuid = {8F94C616-B6A0-40AA-939C-38AEA8E55F2D}
	EndGlobalSection
EndGlobal
