
Microsoft Visual Studio Solution File, Format Version 12.00
# Visual Studio 15
VisualStudioVersion = 15.0.28010.2003
MinimumVisualStudioVersion = 10.0.40219.1
Project("{FAE04EC0-301F-11D3-BF4B-00C04F79EFBC}") = "UnityIntroGame1", "UnityIntroGame1\UnityIntroGame1.csproj", "{A2904587-8D28-45A7-93EB-23816352F730}"
EndProject
Global
	GlobalSection(SolutionConfigurationPlatforms) = preSolution
		Debug|Any CPU = Debug|Any CPU
		Release|Any CPU = Release|Any CPU
	EndGlobalSection
	GlobalSection(ProjectConfigurationPlatforms) = postSolution
		{A2904587-8D28-45A7-93EB-23816352F730}.Debug|Any CPU.ActiveCfg = Debug|Any CPU
		{A2904587-8D28-45A7-93EB-23816352F730}.Debug|Any CPU.Build.0 = Debug|Any CPU
		{A2904587-8D28-45A7-93EB-23816352F730}.Release|Any CPU.ActiveCfg = Release|Any CPU
		{A2904587-8D28-45A7-93EB-23816352F730}.Release|Any CPU.Build.0 = Release|Any CPU
	EndGlobalSection
	GlobalSection(SolutionProperties) = preSolution
		HideSolutionNode = FALSE
	EndGlobalSection
	GlobalSection(ExtensibilityGlobals) = postSolution
		SolutionGuid = {C99811A6-2AE9-425F-824F-88CDBE0AFF28}
	EndGlobalSection
EndGlobal
