
Microsoft Visual Studio Solution File, Format Version 12.00
# Visual Studio 15
VisualStudioVersion = 15.0.28010.2003
MinimumVisualStudioVersion = 10.0.40219.1
Project("{FAE04EC0-301F-11D3-BF4B-00C04F79EFBC}") = "GuessTheNumber", "GuessTheNumber\GuessTheNumber.csproj", "{C2B9265F-C705-4182-8022-98581A490EFA}"
EndProject
Global
	GlobalSection(SolutionConfigurationPlatforms) = preSolution
		Debug|Any CPU = Debug|Any CPU
		Release|Any CPU = Release|Any CPU
	EndGlobalSection
	GlobalSection(ProjectConfigurationPlatforms) = postSolution
		{C2B9265F-C705-4182-8022-98581A490EFA}.Debug|Any CPU.ActiveCfg = Debug|Any CPU
		{C2B9265F-C705-4182-8022-98581A490EFA}.Debug|Any CPU.Build.0 = Debug|Any CPU
		{C2B9265F-C705-4182-8022-98581A490EFA}.Release|Any CPU.ActiveCfg = Release|Any CPU
		{C2B9265F-C705-4182-8022-98581A490EFA}.Release|Any CPU.Build.0 = Release|Any CPU
	EndGlobalSection
	GlobalSection(SolutionProperties) = preSolution
		HideSolutionNode = FALSE
	EndGlobalSection
	GlobalSection(ExtensibilityGlobals) = postSolution
		SolutionGuid = {137FB1F2-D2FD-4A99-ACB1-1BD71839921B}
	EndGlobalSection
EndGlobal
