
Microsoft Visual Studio Solution File, Format Version 12.00
# Visual Studio 15
VisualStudioVersion = 15.0.28010.2003
MinimumVisualStudioVersion = 10.0.40219.1
Project("{FAE04EC0-301F-11D3-BF4B-00C04F79EFBC}") = "JRomansPalindrome", "JRomansPalindrome\JRomansPalindrome.csproj", "{0890151C-2D27-466E-AB1D-25326E284CDB}"
EndProject
Global
	GlobalSection(SolutionConfigurationPlatforms) = preSolution
		Debug|Any CPU = Debug|Any CPU
		Release|Any CPU = Release|Any CPU
	EndGlobalSection
	GlobalSection(ProjectConfigurationPlatforms) = postSolution
		{0890151C-2D27-466E-AB1D-25326E284CDB}.Debug|Any CPU.ActiveCfg = Debug|Any CPU
		{0890151C-2D27-466E-AB1D-25326E284CDB}.Debug|Any CPU.Build.0 = Debug|Any CPU
		{0890151C-2D27-466E-AB1D-25326E284CDB}.Release|Any CPU.ActiveCfg = Release|Any CPU
		{0890151C-2D27-466E-AB1D-25326E284CDB}.Release|Any CPU.Build.0 = Release|Any CPU
	EndGlobalSection
	GlobalSection(SolutionProperties) = preSolution
		HideSolutionNode = FALSE
	EndGlobalSection
	GlobalSection(ExtensibilityGlobals) = postSolution
		SolutionGuid = {3612D86C-FB5A-4518-9D21-02A99479D64E}
	EndGlobalSection
EndGlobal
