
Microsoft Visual Studio Solution File, Format Version 12.00
# Visual Studio 15
VisualStudioVersion = 15.0.28010.2003
MinimumVisualStudioVersion = 10.0.40219.1
Project("{FAE04EC0-301F-11D3-BF4B-00C04F79EFBC}") = "StringTimes", "StringTimes\StringTimes.csproj", "{FDE3BE99-8145-454D-9939-EB521A9A2899}"
EndProject
Global
	GlobalSection(SolutionConfigurationPlatforms) = preSolution
		Debug|Any CPU = Debug|Any CPU
		Release|Any CPU = Release|Any CPU
	EndGlobalSection
	GlobalSection(ProjectConfigurationPlatforms) = postSolution
		{FDE3BE99-8145-454D-9939-EB521A9A2899}.Debug|Any CPU.ActiveCfg = Debug|Any CPU
		{FDE3BE99-8145-454D-9939-EB521A9A2899}.Debug|Any CPU.Build.0 = Debug|Any CPU
		{FDE3BE99-8145-454D-9939-EB521A9A2899}.Release|Any CPU.ActiveCfg = Release|Any CPU
		{FDE3BE99-8145-454D-9939-EB521A9A2899}.Release|Any CPU.Build.0 = Release|Any CPU
	EndGlobalSection
	GlobalSection(SolutionProperties) = preSolution
		HideSolutionNode = FALSE
	EndGlobalSection
	GlobalSection(ExtensibilityGlobals) = postSolution
		SolutionGuid = {4B76363D-71B2-42FB-B980-1079D41BC802}
	EndGlobalSection
EndGlobal
